{
  "pins" : [
    {
      "identity" : "bigintkit",
      "kind" : "remoteSourceControl",
      "location" : "https://gitlab.e-imza.az/emilmsyv/bigintkit.git",
      "state" : {
        "revision" : "46ea3d4be50b198468f14f899753e58d85be7499"
      }
    },
    {
      "identity" : "ordereddictionarykit",
      "kind" : "remoteSourceControl",
      "location" : "https://gitlab.e-imza.az/emilmsyv/ordereddictionarykit.git",
      "state" : {
        "revision" : "e80bab83da7ac298c848bbec657c576a7260d8c0"
      }
    }
  ],
  "version" : 2
}
